// !$*UTF8*$!
{
	archiveVersion = 1;
	classes = {
	};
	objectVersion = 50;
	objects = {

/* Begin PBXBuildFile section */
		A92130B72096F0910043ADAB /* Int+Factorial.swift in Sources */ = {isa = PBXBuildFile; fileRef = A92130B62096F0910043ADAB /* Int+Factorial.swift */; };
		A92130B92096F0DB0043ADAB /* Int+EvenOdd.swift in Sources */ = {isa = PBXBuildFile; fileRef = A92130B82096F0DB0043ADAB /* Int+EvenOdd.swift */; };
		A92130BE2096F3CA0043ADAB /* Int+Clamp.swift in Sources */ = {isa = PBXBuildFile; fileRef = A92130BA2096F1180043ADAB /* Int+Clamp.swift */; };
		A929496D20962BD400350C43 /* ios_extensions.framework in Frameworks */ = {isa = PBXBuildFile; fileRef = A929496320962BD400350C43 /* ios_extensions.framework */; };
		A929497220962BD400350C43 /* ios_extensionsTests.swift in Sources */ = {isa = PBXBuildFile; fileRef = A929497120962BD400350C43 /* ios_extensionsTests.swift */; };
		A929497420962BD400350C43 /* ios_extensions.h in Headers */ = {isa = PBXBuildFile; fileRef = A929496620962BD400350C43 /* ios_extensions.h */; settings = {ATTRIBUTES = (Public, ); }; };
		A929498420962BE600350C43 /* ClosedRange+Random.swift in Sources */ = {isa = PBXBuildFile; fileRef = A929497F20962BE600350C43 /* ClosedRange+Random.swift */; };
		A929498620962BE600350C43 /* Int+Power.swift in Sources */ = {isa = PBXBuildFile; fileRef = A929498120962BE600350C43 /* Int+Power.swift */; };
		A929498820962BE600350C43 /* Int+Digits.swift in Sources */ = {isa = PBXBuildFile; fileRef = A929498220962BE600350C43 /* Int+Digits.swift */; };
		A929498A20962BE600350C43 /* Int+Random.swift in Sources */ = {isa = PBXBuildFile; fileRef = A929498320962BE600350C43 /* Int+Random.swift */; };
		A929499120962C1400350C43 /* IntTests.swift in Sources */ = {isa = PBXBuildFile; fileRef = A929499020962C1400350C43 /* IntTests.swift */; };
		A929499620962E9C00350C43 /* .gitignore in Resources */ = {isa = PBXBuildFile; fileRef = A929499520962E9C00350C43 /* .gitignore */; };
		A929499720962E9C00350C43 /* .gitignore in Resources */ = {isa = PBXBuildFile; fileRef = A929499520962E9C00350C43 /* .gitignore */; };
		A999C4FB2096F5A1006014B1 /* Int+Power.swift in Sources */ = {isa = PBXBuildFile; fileRef = A929498120962BE600350C43 /* Int+Power.swift */; };
		A999C4FC2096F5A1006014B1 /* Int+Digits.swift in Sources */ = {isa = PBXBuildFile; fileRef = A929498220962BE600350C43 /* Int+Digits.swift */; };
		A999C4FD2096F5A1006014B1 /* Int+Random.swift in Sources */ = {isa = PBXBuildFile; fileRef = A929498320962BE600350C43 /* Int+Random.swift */; };
		A999C4FE2096F5A1006014B1 /* Int+Factorial.swift in Sources */ = {isa = PBXBuildFile; fileRef = A92130B62096F0910043ADAB /* Int+Factorial.swift */; };
		A999C4FF2096F5A1006014B1 /* Int+EvenOdd.swift in Sources */ = {isa = PBXBuildFile; fileRef = A92130B82096F0DB0043ADAB /* Int+EvenOdd.swift */; };
		A999C5002096F5A1006014B1 /* Int+Clamp.swift in Sources */ = {isa = PBXBuildFile; fileRef = A92130BA2096F1180043ADAB /* Int+Clamp.swift */; };
		A999C5012096F5A3006014B1 /* ClosedRange+Random.swift in Sources */ = {isa = PBXBuildFile; fileRef = A929497F20962BE600350C43 /* ClosedRange+Random.swift */; };
		A999C5042096F9D6006014B1 /* UIImage+LandscapeCameraOrientationFix.swift in Sources */ = {isa = PBXBuildFile; fileRef = A999C5032096F9D6006014B1 /* UIImage+LandscapeCameraOrientationFix.swift */; };
		A999C5052096F9F4006014B1 /* UIImage+LandscapeCameraOrientationFix.swift in Sources */ = {isa = PBXBuildFile; fileRef = A999C5032096F9D6006014B1 /* UIImage+LandscapeCameraOrientationFix.swift */; };
		A999C5072096FA06006014B1 /* UIImageView+Masking.swift in Sources */ = {isa = PBXBuildFile; fileRef = A999C5062096FA06006014B1 /* UIImageView+Masking.swift */; };
		A999C5092096FA31006014B1 /* UIImage+Resize.swift in Sources */ = {isa = PBXBuildFile; fileRef = A999C5082096FA31006014B1 /* UIImage+Resize.swift */; };
		A999C50B2096FA74006014B1 /* UIImage+SolidColor.swift in Sources */ = {isa = PBXBuildFile; fileRef = A999C50A2096FA74006014B1 /* UIImage+SolidColor.swift */; };
		A999C50D2096FAC7006014B1 /* UIImage+RawOrientation.swift in Sources */ = {isa = PBXBuildFile; fileRef = A999C50C2096FAC7006014B1 /* UIImage+RawOrientation.swift */; };
		A9BA127620983E1A00633898 /* UIImageView+DownloadFromURL.swift in Sources */ = {isa = PBXBuildFile; fileRef = A9BA127520983E1A00633898 /* UIImageView+DownloadFromURL.swift */; };
/* End PBXBuildFile section */

/* Begin PBXContainerItemProxy section */
		A929496E20962BD400350C43 /* PBXContainerItemProxy */ = {
			isa = PBXContainerItemProxy;
			containerPortal = A929495A20962BD400350C43 /* Project object */;
			proxyType = 1;
			remoteGlobalIDString = A929496220962BD400350C43;
			remoteInfo = "ios-extensions";
		};
/* End PBXContainerItemProxy section */

/* Begin PBXFileReference section */
		A92130B62096F0910043ADAB /* Int+Factorial.swift */ = {isa = PBXFileReference; fileEncoding = 4; lastKnownFileType = sourcecode.swift; path = "Int+Factorial.swift"; sourceTree = "<group>"; };
		A92130B82096F0DB0043ADAB /* Int+EvenOdd.swift */ = {isa = PBXFileReference; fileEncoding = 4; lastKnownFileType = sourcecode.swift; path = "Int+EvenOdd.swift"; sourceTree = "<group>"; };
		A92130BA2096F1180043ADAB /* Int+Clamp.swift */ = {isa = PBXFileReference; fileEncoding = 4; lastKnownFileType = sourcecode.swift; path = "Int+Clamp.swift"; sourceTree = "<group>"; };
		A929496320962BD400350C43 /* ios_extensions.framework */ = {isa = PBXFileReference; explicitFileType = wrapper.framework; includeInIndex = 0; path = ios_extensions.framework; sourceTree = BUILT_PRODUCTS_DIR; };
		A929496620962BD400350C43 /* ios_extensions.h */ = {isa = PBXFileReference; lastKnownFileType = sourcecode.c.h; path = ios_extensions.h; sourceTree = "<group>"; };
		A929496720962BD400350C43 /* Info.plist */ = {isa = PBXFileReference; lastKnownFileType = text.plist.xml; path = Info.plist; sourceTree = "<group>"; };
		A929496C20962BD400350C43 /* ios-extensionsTests.xctest */ = {isa = PBXFileReference; explicitFileType = wrapper.cfbundle; includeInIndex = 0; path = "ios-extensionsTests.xctest"; sourceTree = BUILT_PRODUCTS_DIR; };
		A929497120962BD400350C43 /* ios_extensionsTests.swift */ = {isa = PBXFileReference; lastKnownFileType = sourcecode.swift; path = ios_extensionsTests.swift; sourceTree = "<group>"; };
		A929497320962BD400350C43 /* Info.plist */ = {isa = PBXFileReference; lastKnownFileType = text.plist.xml; path = Info.plist; sourceTree = "<group>"; };
		A929497F20962BE600350C43 /* ClosedRange+Random.swift */ = {isa = PBXFileReference; fileEncoding = 4; lastKnownFileType = sourcecode.swift; path = "ClosedRange+Random.swift"; sourceTree = "<group>"; };
		A929498120962BE600350C43 /* Int+Power.swift */ = {isa = PBXFileReference; fileEncoding = 4; lastKnownFileType = sourcecode.swift; path = "Int+Power.swift"; sourceTree = "<group>"; };
		A929498220962BE600350C43 /* Int+Digits.swift */ = {isa = PBXFileReference; fileEncoding = 4; lastKnownFileType = sourcecode.swift; path = "Int+Digits.swift"; sourceTree = "<group>"; };
		A929498320962BE600350C43 /* Int+Random.swift */ = {isa = PBXFileReference; fileEncoding = 4; lastKnownFileType = sourcecode.swift; path = "Int+Random.swift"; sourceTree = "<group>"; };
		A929499020962C1400350C43 /* IntTests.swift */ = {isa = PBXFileReference; lastKnownFileType = sourcecode.swift; path = IntTests.swift; sourceTree = "<group>"; };
		A929499520962E9C00350C43 /* .gitignore */ = {isa = PBXFileReference; lastKnownFileType = text; path = .gitignore; sourceTree = "<group>"; };
		A999C5032096F9D6006014B1 /* UIImage+LandscapeCameraOrientationFix.swift */ = {isa = PBXFileReference; lastKnownFileType = sourcecode.swift; path = "UIImage+LandscapeCameraOrientationFix.swift"; sourceTree = "<group>"; };
		A999C5062096FA06006014B1 /* UIImageView+Masking.swift */ = {isa = PBXFileReference; lastKnownFileType = sourcecode.swift; path = "UIImageView+Masking.swift"; sourceTree = "<group>"; };
		A999C5082096FA31006014B1 /* UIImage+Resize.swift */ = {isa = PBXFileReference; lastKnownFileType = sourcecode.swift; path = "UIImage+Resize.swift"; sourceTree = "<group>"; };
		A999C50A2096FA74006014B1 /* UIImage+SolidColor.swift */ = {isa = PBXFileReference; lastKnownFileType = sourcecode.swift; path = "UIImage+SolidColor.swift"; sourceTree = "<group>"; };
		A999C50C2096FAC7006014B1 /* UIImage+RawOrientation.swift */ = {isa = PBXFileReference; lastKnownFileType = sourcecode.swift; path = "UIImage+RawOrientation.swift"; sourceTree = "<group>"; };
		A9BA127520983E1A00633898 /* UIImageView+DownloadFromURL.swift */ = {isa = PBXFileReference; lastKnownFileType = sourcecode.swift; path = "UIImageView+DownloadFromURL.swift"; sourceTree = "<group>"; };
/* End PBXFileReference section */

/* Begin PBXFrameworksBuildPhase section */
		A929495F20962BD400350C43 /* Frameworks */ = {
			isa = PBXFrameworksBuildPhase;
			buildActionMask = 2147483647;
			files = (
			);
			runOnlyForDeploymentPostprocessing = 0;
		};
		A929496920962BD400350C43 /* Frameworks */ = {
			isa = PBXFrameworksBuildPhase;
			buildActionMask = 2147483647;
			files = (
				A929496D20962BD400350C43 /* ios_extensions.framework in Frameworks */,
			);
			runOnlyForDeploymentPostprocessing = 0;
		};
/* End PBXFrameworksBuildPhase section */

/* Begin PBXGroup section */
		A92130BC2096F33C0043ADAB /* Collection */ = {
			isa = PBXGroup;
			children = (
			);
			path = Collection;
			sourceTree = "<group>";
		};
		A929495920962BD400350C43 = {
			isa = PBXGroup;
			children = (
				A929499520962E9C00350C43 /* .gitignore */,
				A929496520962BD400350C43 /* ios-extensions */,
				A929497020962BD400350C43 /* ios-extensionsTests */,
				A929496420962BD400350C43 /* Products */,
			);
			sourceTree = "<group>";
		};
		A929496420962BD400350C43 /* Products */ = {
			isa = PBXGroup;
			children = (
				A929496320962BD400350C43 /* ios_extensions.framework */,
				A929496C20962BD400350C43 /* ios-extensionsTests.xctest */,
			);
			name = Products;
			sourceTree = "<group>";
		};
		A929496520962BD400350C43 /* ios-extensions */ = {
			isa = PBXGroup;
			children = (
				A929497D20962BE600350C43 /* Extensions */,
				A929496620962BD400350C43 /* ios_extensions.h */,
				A929496720962BD400350C43 /* Info.plist */,
			);
			path = "ios-extensions";
			sourceTree = "<group>";
		};
		A929497020962BD400350C43 /* ios-extensionsTests */ = {
			isa = PBXGroup;
			children = (
				A929497120962BD400350C43 /* ios_extensionsTests.swift */,
				A929499020962C1400350C43 /* IntTests.swift */,
				A929497320962BD400350C43 /* Info.plist */,
			);
			path = "ios-extensionsTests";
			sourceTree = "<group>";
		};
		A929497D20962BE600350C43 /* Extensions */ = {
			isa = PBXGroup;
			children = (
				A999C50E2096FB5F006014B1 /* UIImageView */,
				A999C5022096F9A8006014B1 /* UIImage */,
				A92130BC2096F33C0043ADAB /* Collection */,
				A929497E20962BE600350C43 /* ClosedRange */,
				A929498020962BE600350C43 /* Int */,
			);
			path = Extensions;
			sourceTree = "<group>";
		};
		A929497E20962BE600350C43 /* ClosedRange */ = {
			isa = PBXGroup;
			children = (
				A929497F20962BE600350C43 /* ClosedRange+Random.swift */,
			);
			path = ClosedRange;
			sourceTree = "<group>";
		};
		A929498020962BE600350C43 /* Int */ = {
			isa = PBXGroup;
			children = (
				A929498120962BE600350C43 /* Int+Power.swift */,
				A929498220962BE600350C43 /* Int+Digits.swift */,
				A929498320962BE600350C43 /* Int+Random.swift */,
				A92130B62096F0910043ADAB /* Int+Factorial.swift */,
				A92130B82096F0DB0043ADAB /* Int+EvenOdd.swift */,
				A92130BA2096F1180043ADAB /* Int+Clamp.swift */,
			);
			path = Int;
			sourceTree = "<group>";
		};
		A999C5022096F9A8006014B1 /* UIImage */ = {
			isa = PBXGroup;
			children = (
				A999C5032096F9D6006014B1 /* UIImage+LandscapeCameraOrientationFix.swift */,
				A999C5082096FA31006014B1 /* UIImage+Resize.swift */,
				A999C50A2096FA74006014B1 /* UIImage+SolidColor.swift */,
				A999C50C2096FAC7006014B1 /* UIImage+RawOrientation.swift */,
			);
			path = UIImage;
			sourceTree = "<group>";
		};
		A999C50E2096FB5F006014B1 /* UIImageView */ = {
			isa = PBXGroup;
			children = (
				A999C5062096FA06006014B1 /* UIImageView+Masking.swift */,
				A9BA127520983E1A00633898 /* UIImageView+DownloadFromURL.swift */,
			);
			path = UIImageView;
			sourceTree = "<group>";
		};
/* End PBXGroup section */

/* Begin PBXHeadersBuildPhase section */
		A929496020962BD400350C43 /* Headers */ = {
			isa = PBXHeadersBuildPhase;
			buildActionMask = 2147483647;
			files = (
				A929497420962BD400350C43 /* ios_extensions.h in Headers */,
			);
			runOnlyForDeploymentPostprocessing = 0;
		};
/* End PBXHeadersBuildPhase section */

/* Begin PBXNativeTarget section */
		A929496220962BD400350C43 /* ios-extensions */ = {
			isa = PBXNativeTarget;
			buildConfigurationList = A929497720962BD400350C43 /* Build configuration list for PBXNativeTarget "ios-extensions" */;
			buildPhases = (
				A929495E20962BD400350C43 /* Sources */,
				A929495F20962BD400350C43 /* Frameworks */,
				A929496020962BD400350C43 /* Headers */,
				A929496120962BD400350C43 /* Resources */,
			);
			buildRules = (
			);
			dependencies = (
			);
			name = "ios-extensions";
			productName = "ios-extensions";
			productReference = A929496320962BD400350C43 /* ios_extensions.framework */;
			productType = "com.apple.product-type.framework";
		};
		A929496B20962BD400350C43 /* ios-extensionsTests */ = {
			isa = PBXNativeTarget;
			buildConfigurationList = A929497A20962BD400350C43 /* Build configuration list for PBXNativeTarget "ios-extensionsTests" */;
			buildPhases = (
				A929496820962BD400350C43 /* Sources */,
				A929496920962BD400350C43 /* Frameworks */,
				A929496A20962BD400350C43 /* Resources */,
			);
			buildRules = (
			);
			dependencies = (
				A929496F20962BD400350C43 /* PBXTargetDependency */,
			);
			name = "ios-extensionsTests";
			productName = "ios-extensionsTests";
			productReference = A929496C20962BD400350C43 /* ios-extensionsTests.xctest */;
			productType = "com.apple.product-type.bundle.unit-test";
		};
/* End PBXNativeTarget section */

/* Begin PBXProject section */
		A929495A20962BD400350C43 /* Project object */ = {
			isa = PBXProject;
			attributes = {
				LastSwiftUpdateCheck = 0930;
				LastUpgradeCheck = 0930;
				ORGANIZATIONNAME = "Astemir Eleev";
				TargetAttributes = {
					A929496220962BD400350C43 = {
						CreatedOnToolsVersion = 9.3;
					};
					A929496B20962BD400350C43 = {
						CreatedOnToolsVersion = 9.3;
					};
				};
			};
			buildConfigurationList = A929495D20962BD400350C43 /* Build configuration list for PBXProject "ios-extensions" */;
			compatibilityVersion = "Xcode 9.3";
			developmentRegion = en;
			hasScannedForEncodings = 0;
			knownRegions = (
				en,
			);
			mainGroup = A929495920962BD400350C43;
			productRefGroup = A929496420962BD400350C43 /* Products */;
			projectDirPath = "";
			projectRoot = "";
			targets = (
				A929496220962BD400350C43 /* ios-extensions */,
				A929496B20962BD400350C43 /* ios-extensionsTests */,
			);
		};
/* End PBXProject section */

/* Begin PBXResourcesBuildPhase section */
		A929496120962BD400350C43 /* Resources */ = {
			isa = PBXResourcesBuildPhase;
			buildActionMask = 2147483647;
			files = (
				A929499620962E9C00350C43 /* .gitignore in Resources */,
			);
			runOnlyForDeploymentPostprocessing = 0;
		};
		A929496A20962BD400350C43 /* Resources */ = {
			isa = PBXResourcesBuildPhase;
			buildActionMask = 2147483647;
			files = (
				A929499720962E9C00350C43 /* .gitignore in Resources */,
			);
			runOnlyForDeploymentPostprocessing = 0;
		};
/* End PBXResourcesBuildPhase section */

/* Begin PBXSourcesBuildPhase section */
		A929495E20962BD400350C43 /* Sources */ = {
			isa = PBXSourcesBuildPhase;
			buildActionMask = 2147483647;
			files = (
				A999C50B2096FA74006014B1 /* UIImage+SolidColor.swift in Sources */,
				A929498420962BE600350C43 /* ClosedRange+Random.swift in Sources */,
				A999C5072096FA06006014B1 /* UIImageView+Masking.swift in Sources */,
				A999C5042096F9D6006014B1 /* UIImage+LandscapeCameraOrientationFix.swift in Sources */,
				A999C5092096FA31006014B1 /* UIImage+Resize.swift in Sources */,
				A999C50D2096FAC7006014B1 /* UIImage+RawOrientation.swift in Sources */,
				A9BA127620983E1A00633898 /* UIImageView+DownloadFromURL.swift in Sources */,
				A92130B92096F0DB0043ADAB /* Int+EvenOdd.swift in Sources */,
				A92130B72096F0910043ADAB /* Int+Factorial.swift in Sources */,
				A929498820962BE600350C43 /* Int+Digits.swift in Sources */,
				A92130BE2096F3CA0043ADAB /* Int+Clamp.swift in Sources */,
				A929498A20962BE600350C43 /* Int+Random.swift in Sources */,
				A929498620962BE600350C43 /* Int+Power.swift in Sources */,
			);
			runOnlyForDeploymentPostprocessing = 0;
		};
		A929496820962BD400350C43 /* Sources */ = {
			isa = PBXSourcesBuildPhase;
			buildActionMask = 2147483647;
			files = (
				A929499120962C1400350C43 /* IntTests.swift in Sources */,
				A999C4FC2096F5A1006014B1 /* Int+Digits.swift in Sources */,
				A999C4FD2096F5A1006014B1 /* Int+Random.swift in Sources */,
				A999C5052096F9F4006014B1 /* UIImage+LandscapeCameraOrientationFix.swift in Sources */,
				A999C5012096F5A3006014B1 /* ClosedRange+Random.swift in Sources */,
				A999C4FE2096F5A1006014B1 /* Int+Factorial.swift in Sources */,
				A999C4FB2096F5A1006014B1 /* Int+Power.swift in Sources */,
				A999C5002096F5A1006014B1 /* Int+Clamp.swift in Sources */,
				A999C4FF2096F5A1006014B1 /* Int+EvenOdd.swift in Sources */,
				A929497220962BD400350C43 /* ios_extensionsTests.swift in Sources */,
			);
			runOnlyForDeploymentPostprocessing = 0;
		};
/* End PBXSourcesBuildPhase section */

/* Begin PBXTargetDependency section */
		A929496F20962BD400350C43 /* PBXTargetDependency */ = {
			isa = PBXTargetDependency;
			target = A929496220962BD400350C43 /* ios-extensions */;
			targetProxy = A929496E20962BD400350C43 /* PBXContainerItemProxy */;
		};
/* End PBXTargetDependency section */

/* Begin XCBuildConfiguration section */
		A929497520962BD400350C43 /* Debug */ = {
			isa = XCBuildConfiguration;
			buildSettings = {
				ALWAYS_SEARCH_USER_PATHS = NO;
				CLANG_ANALYZER_NONNULL = YES;
				CLANG_ANALYZER_NUMBER_OBJECT_CONVERSION = YES_AGGRESSIVE;
				CLANG_CXX_LANGUAGE_STANDARD = "gnu++14";
				CLANG_CXX_LIBRARY = "libc++";
				CLANG_ENABLE_MODULES = YES;
				CLANG_ENABLE_OBJC_ARC = YES;
				CLANG_ENABLE_OBJC_WEAK = YES;
				CLANG_WARN_BLOCK_CAPTURE_AUTORELEASING = YES;
				CLANG_WARN_BOOL_CONVERSION = YES;
				CLANG_WARN_COMMA = YES;
				CLANG_WARN_CONSTANT_CONVERSION = YES;
				CLANG_WARN_DEPRECATED_OBJC_IMPLEMENTATIONS = YES;
				CLANG_WARN_DIRECT_OBJC_ISA_USAGE = YES_ERROR;
				CLANG_WARN_DOCUMENTATION_COMMENTS = YES;
				CLANG_WARN_EMPTY_BODY = YES;
				CLANG_WARN_ENUM_CONVERSION = YES;
				CLANG_WARN_INFINITE_RECURSION = YES;
				CLANG_WARN_INT_CONVERSION = YES;
				CLANG_WARN_NON_LITERAL_NULL_CONVERSION = YES;
				CLANG_WARN_OBJC_IMPLICIT_RETAIN_SELF = YES;
				CLANG_WARN_OBJC_LITERAL_CONVERSION = YES;
				CLANG_WARN_OBJC_ROOT_CLASS = YES_ERROR;
				CLANG_WARN_RANGE_LOOP_ANALYSIS = YES;
				CLANG_WARN_STRICT_PROTOTYPES = YES;
				CLANG_WARN_SUSPICIOUS_MOVE = YES;
				CLANG_WARN_UNGUARDED_AVAILABILITY = YES_AGGRESSIVE;
				CLANG_WARN_UNREACHABLE_CODE = YES;
				CLANG_WARN__DUPLICATE_METHOD_MATCH = YES;
				CODE_SIGN_IDENTITY = "iPhone Developer";
				COPY_PHASE_STRIP = NO;
				CURRENT_PROJECT_VERSION = 1;
				DEBUG_INFORMATION_FORMAT = dwarf;
				ENABLE_STRICT_OBJC_MSGSEND = YES;
				ENABLE_TESTABILITY = YES;
				GCC_C_LANGUAGE_STANDARD = gnu11;
				GCC_DYNAMIC_NO_PIC = NO;
				GCC_NO_COMMON_BLOCKS = YES;
				GCC_OPTIMIZATION_LEVEL = 0;
				GCC_PREPROCESSOR_DEFINITIONS = (
					"DEBUG=1",
					"$(inherited)",
				);
				GCC_WARN_64_TO_32_BIT_CONVERSION = YES;
				GCC_WARN_ABOUT_RETURN_TYPE = YES_ERROR;
				GCC_WARN_UNDECLARED_SELECTOR = YES;
				GCC_WARN_UNINITIALIZED_AUTOS = YES_AGGRESSIVE;
				GCC_WARN_UNUSED_FUNCTION = YES;
				GCC_WARN_UNUSED_VARIABLE = YES;
				IPHONEOS_DEPLOYMENT_TARGET = 11.3;
				MTL_ENABLE_DEBUG_INFO = YES;
				ONLY_ACTIVE_ARCH = YES;
				SDKROOT = iphoneos;
				SWIFT_ACTIVE_COMPILATION_CONDITIONS = DEBUG;
				SWIFT_OPTIMIZATION_LEVEL = "-Onone";
				VERSIONING_SYSTEM = "apple-generic";
				VERSION_INFO_PREFIX = "";
			};
			name = Debug;
		};
		A929497620962BD400350C43 /* Release */ = {
			isa = XCBuildConfiguration;
			buildSettings = {
				ALWAYS_SEARCH_USER_PATHS = NO;
				CLANG_ANALYZER_NONNULL = YES;
				CLANG_ANALYZER_NUMBER_OBJECT_CONVERSION = YES_AGGRESSIVE;
				CLANG_CXX_LANGUAGE_STANDARD = "gnu++14";
				CLANG_CXX_LIBRARY = "libc++";
				CLANG_ENABLE_MODULES = YES;
				CLANG_ENABLE_OBJC_ARC = YES;
				CLANG_ENABLE_OBJC_WEAK = YES;
				CLANG_WARN_BLOCK_CAPTURE_AUTORELEASING = YES;
				CLANG_WARN_BOOL_CONVERSION = YES;
				CLANG_WARN_COMMA = YES;
				CLANG_WARN_CONSTANT_CONVERSION = YES;
				CLANG_WARN_DEPRECATED_OBJC_IMPLEMENTATIONS = YES;
				CLANG_WARN_DIRECT_OBJC_ISA_USAGE = YES_ERROR;
				CLANG_WARN_DOCUMENTATION_COMMENTS = YES;
				CLANG_WARN_EMPTY_BODY = YES;
				CLANG_WARN_ENUM_CONVERSION = YES;
				CLANG_WARN_INFINITE_RECURSION = YES;
				CLANG_WARN_INT_CONVERSION = YES;
				CLANG_WARN_NON_LITERAL_NULL_CONVERSION = YES;
				CLANG_WARN_OBJC_IMPLICIT_RETAIN_SELF = YES;
				CLANG_WARN_OBJC_LITERAL_CONVERSION = YES;
				CLANG_WARN_OBJC_ROOT_CLASS = YES_ERROR;
				CLANG_WARN_RANGE_LOOP_ANALYSIS = YES;
				CLANG_WARN_STRICT_PROTOTYPES = YES;
				CLANG_WARN_SUSPICIOUS_MOVE = YES;
				CLANG_WARN_UNGUARDED_AVAILABILITY = YES_AGGRESSIVE;
				CLANG_WARN_UNREACHABLE_CODE = YES;
				CLANG_WARN__DUPLICATE_METHOD_MATCH = YES;
				CODE_SIGN_IDENTITY = "iPhone Developer";
				COPY_PHASE_STRIP = NO;
				CURRENT_PROJECT_VERSION = 1;
				DEBUG_INFORMATION_FORMAT = "dwarf-with-dsym";
				ENABLE_NS_ASSERTIONS = NO;
				ENABLE_STRICT_OBJC_MSGSEND = YES;
				GCC_C_LANGUAGE_STANDARD = gnu11;
				GCC_NO_COMMON_BLOCKS = YES;
				GCC_WARN_64_TO_32_BIT_CONVERSION = YES;
				GCC_WARN_ABOUT_RETURN_TYPE = YES_ERROR;
				GCC_WARN_UNDECLARED_SELECTOR = YES;
				GCC_WARN_UNINITIALIZED_AUTOS = YES_AGGRESSIVE;
				GCC_WARN_UNUSED_FUNCTION = YES;
				GCC_WARN_UNUSED_VARIABLE = YES;
				IPHONEOS_DEPLOYMENT_TARGET = 11.3;
				MTL_ENABLE_DEBUG_INFO = NO;
				SDKROOT = iphoneos;
				SWIFT_COMPILATION_MODE = wholemodule;
				SWIFT_OPTIMIZATION_LEVEL = "-O";
				VALIDATE_PRODUCT = YES;
				VERSIONING_SYSTEM = "apple-generic";
				VERSION_INFO_PREFIX = "";
			};
			name = Release;
		};
		A929497820962BD400350C43 /* Debug */ = {
			isa = XCBuildConfiguration;
			buildSettings = {
				CODE_SIGN_IDENTITY = "";
				CODE_SIGN_STYLE = Automatic;
				DEFINES_MODULE = YES;
				DEVELOPMENT_TEAM = T3K58FE38R;
				DYLIB_COMPATIBILITY_VERSION = 1;
				DYLIB_CURRENT_VERSION = 1;
				DYLIB_INSTALL_NAME_BASE = "@rpath";
				INFOPLIST_FILE = "ios-extensions/Info.plist";
				INSTALL_PATH = "$(LOCAL_LIBRARY_DIR)/Frameworks";
				LD_RUNPATH_SEARCH_PATHS = (
					"$(inherited)",
					"@executable_path/Frameworks",
					"@loader_path/Frameworks",
				);
				PRODUCT_BUNDLE_IDENTIFIER = "eleev.astemir.io.ios-extensions";
				PRODUCT_NAME = "$(TARGET_NAME:c99extidentifier)";
				SKIP_INSTALL = YES;
				SWIFT_VERSION = 4.0;
				TARGETED_DEVICE_FAMILY = "1,2";
			};
			name = Debug;
		};
		A929497920962BD400350C43 /* Release */ = {
			isa = XCBuildConfiguration;
			buildSettings = {
				CODE_SIGN_IDENTITY = "";
				CODE_SIGN_STYLE = Automatic;
				DEFINES_MODULE = YES;
				DEVELOPMENT_TEAM = T3K58FE38R;
				DYLIB_COMPATIBILITY_VERSION = 1;
				DYLIB_CURRENT_VERSION = 1;
				DYLIB_INSTALL_NAME_BASE = "@rpath";
				INFOPLIST_FILE = "ios-extensions/Info.plist";
				INSTALL_PATH = "$(LOCAL_LIBRARY_DIR)/Frameworks";
				LD_RUNPATH_SEARCH_PATHS = (
					"$(inherited)",
					"@executable_path/Frameworks",
					"@loader_path/Frameworks",
				);
				PRODUCT_BUNDLE_IDENTIFIER = "eleev.astemir.io.ios-extensions";
				PRODUCT_NAME = "$(TARGET_NAME:c99extidentifier)";
				SKIP_INSTALL = YES;
				SWIFT_VERSION = 4.0;
				TARGETED_DEVICE_FAMILY = "1,2";
			};
			name = Release;
		};
		A929497B20962BD400350C43 /* Debug */ = {
			isa = XCBuildConfiguration;
			buildSettings = {
				ALWAYS_EMBED_SWIFT_STANDARD_LIBRARIES = YES;
				CODE_SIGN_STYLE = Automatic;
				DEVELOPMENT_TEAM = T3K58FE38R;
				INFOPLIST_FILE = "ios-extensionsTests/Info.plist";
				LD_RUNPATH_SEARCH_PATHS = (
					"$(inherited)",
					"@executable_path/Frameworks",
					"@loader_path/Frameworks",
				);
				PRODUCT_BUNDLE_IDENTIFIER = "eleev.astemir.io.ios-extensionsTests";
				PRODUCT_NAME = "$(TARGET_NAME)";
				SWIFT_VERSION = 4.0;
				TARGETED_DEVICE_FAMILY = "1,2";
			};
			name = Debug;
		};
		A929497C20962BD400350C43 /* Release */ = {
			isa = XCBuildConfiguration;
			buildSettings = {
				ALWAYS_EMBED_SWIFT_STANDARD_LIBRARIES = YES;
				CODE_SIGN_STYLE = Automatic;
				DEVELOPMENT_TEAM = T3K58FE38R;
				INFOPLIST_FILE = "ios-extensionsTests/Info.plist";
				LD_RUNPATH_SEARCH_PATHS = (
					"$(inherited)",
					"@executable_path/Frameworks",
					"@loader_path/Frameworks",
				);
				PRODUCT_BUNDLE_IDENTIFIER = "eleev.astemir.io.ios-extensionsTests";
				PRODUCT_NAME = "$(TARGET_NAME)";
				SWIFT_VERSION = 4.0;
				TARGETED_DEVICE_FAMILY = "1,2";
			};
			name = Release;
		};
/* End XCBuildConfiguration section */

/* Begin XCConfigurationList section */
		A929495D20962BD400350C43 /* Build configuration list for PBXProject "ios-extensions" */ = {
			isa = XCConfigurationList;
			buildConfigurations = (
				A929497520962BD400350C43 /* Debug */,
				A929497620962BD400350C43 /* Release */,
			);
			defaultConfigurationIsVisible = 0;
			defaultConfigurationName = Release;
		};
		A929497720962BD400350C43 /* Build configuration list for PBXNativeTarget "ios-extensions" */ = {
			isa = XCConfigurationList;
			buildConfigurations = (
				A929497820962BD400350C43 /* Debug */,
				A929497920962BD400350C43 /* Release */,
			);
			defaultConfigurationIsVisible = 0;
			defaultConfigurationName = Release;
		};
		A929497A20962BD400350C43 /* Build configuration list for PBXNativeTarget "ios-extensionsTests" */ = {
			isa = XCConfigurationList;
			buildConfigurations = (
				A929497B20962BD400350C43 /* Debug */,
				A929497C20962BD400350C43 /* Release */,
			);
			defaultConfigurationIsVisible = 0;
			defaultConfigurationName = Release;
		};
/* End XCConfigurationList section */
	};
	rootObject = A929495A20962BD400350C43 /* Project object */;
}
